
Microsoft Visual Studio Solution File, Format Version 12.00
# Visual Studio 15
VisualStudioVersion = 15.0.26124.0
MinimumVisualStudioVersion = 15.0.26124.0
Project("{2150E333-8FDC-42A3-9474-1A3956D46DE8}") = "src", "src", "{C74A2A45-4A36-4A8C-A286-5AB691A23869}"
EndProject
Project("{FAE04EC0-301F-11D3-BF4B-00C04F79EFBC}") = "EFDemo1", "src\EFDemo1\EFDemo1.csproj", "{91DADF9C-0539-41A2-97EE-50F15D859878}"
EndProject
Project("{FAE04EC0-301F-11D3-BF4B-00C04F79EFBC}") = "EFDemo1.Api.RequestHandlers", "src\EFDemo1.Api.RequestHandlers\EFDemo1.Api.RequestHandlers.csproj", "{AE8AB54D-3AD2-43E2-823B-8D5D9D0B1335}"
EndProject
Project("{FAE04EC0-301F-11D3-BF4B-00C04F79EFBC}") = "EFDemo1.Common", "src\EFDemo1.Common\EFDemo1.Common.csproj", "{9A572A80-C65D-4735-ADBF-07F59FB78FD7}"
EndProject
Project("{FAE04EC0-301F-11D3-BF4B-00C04F79EFBC}") = "EFDemo1.Domain", "src\EFDemo1.Domain\EFDemo1.Domain.csproj", "{72B40AEC-4ED9-4B5F-94BD-BBCB13DF0526}"
EndProject
Project("{FAE04EC0-301F-11D3-BF4B-00C04F79EFBC}") = "EFDemo1.ReadModel", "src\EFDemo1.ReadModel\EFDemo1.ReadModel.csproj", "{46E17F35-4F56-4C8F-8C55-CF9E32A40D60}"
EndProject
Project("{2150E333-8FDC-42A3-9474-1A3956D46DE8}") = "test", "test", "{47EEFC05-03FD-49DC-A6B3-35F8768D97D0}"
EndProject
Project("{FAE04EC0-301F-11D3-BF4B-00C04F79EFBC}") = "EFDemo1.Common.Tests", "test\EFDemo1.Common.Tests\EFDemo1.Common.Tests.csproj", "{A5D4BD83-184B-4F39-9440-52695A40325A}"
EndProject
Global
	GlobalSection(SolutionConfigurationPlatforms) = preSolution
		Debug|Any CPU = Debug|Any CPU
		Debug|x64 = Debug|x64
		Debug|x86 = Debug|x86
		Release|Any CPU = Release|Any CPU
		Release|x64 = Release|x64
		Release|x86 = Release|x86
	EndGlobalSection
	GlobalSection(SolutionProperties) = preSolution
		HideSolutionNode = FALSE
	EndGlobalSection
	GlobalSection(ProjectConfigurationPlatforms) = postSolution
		{91DADF9C-0539-41A2-97EE-50F15D859878}.Debug|Any CPU.ActiveCfg = Debug|Any CPU
		{91DADF9C-0539-41A2-97EE-50F15D859878}.Debug|Any CPU.Build.0 = Debug|Any CPU
		{91DADF9C-0539-41A2-97EE-50F15D859878}.Debug|x64.ActiveCfg = Debug|Any CPU
		{91DADF9C-0539-41A2-97EE-50F15D859878}.Debug|x64.Build.0 = Debug|Any CPU
		{91DADF9C-0539-41A2-97EE-50F15D859878}.Debug|x86.ActiveCfg = Debug|Any CPU
		{91DADF9C-0539-41A2-97EE-50F15D859878}.Debug|x86.Build.0 = Debug|Any CPU
		{91DADF9C-0539-41A2-97EE-50F15D859878}.Release|Any CPU.ActiveCfg = Release|Any CPU
		{91DADF9C-0539-41A2-97EE-50F15D859878}.Release|Any CPU.Build.0 = Release|Any CPU
		{91DADF9C-0539-41A2-97EE-50F15D859878}.Release|x64.ActiveCfg = Release|Any CPU
		{91DADF9C-0539-41A2-97EE-50F15D859878}.Release|x64.Build.0 = Release|Any CPU
		{91DADF9C-0539-41A2-97EE-50F15D859878}.Release|x86.ActiveCfg = Release|Any CPU
		{91DADF9C-0539-41A2-97EE-50F15D859878}.Release|x86.Build.0 = Release|Any CPU
		{AE8AB54D-3AD2-43E2-823B-8D5D9D0B1335}.Debug|Any CPU.ActiveCfg = Debug|Any CPU
		{AE8AB54D-3AD2-43E2-823B-8D5D9D0B1335}.Debug|Any CPU.Build.0 = Debug|Any CPU
		{AE8AB54D-3AD2-43E2-823B-8D5D9D0B1335}.Debug|x64.ActiveCfg = Debug|Any CPU
		{AE8AB54D-3AD2-43E2-823B-8D5D9D0B1335}.Debug|x64.Build.0 = Debug|Any CPU
		{AE8AB54D-3AD2-43E2-823B-8D5D9D0B1335}.Debug|x86.ActiveCfg = Debug|Any CPU
		{AE8AB54D-3AD2-43E2-823B-8D5D9D0B1335}.Debug|x86.Build.0 = Debug|Any CPU
		{AE8AB54D-3AD2-43E2-823B-8D5D9D0B1335}.Release|Any CPU.ActiveCfg = Release|Any CPU
		{AE8AB54D-3AD2-43E2-823B-8D5D9D0B1335}.Release|Any CPU.Build.0 = Release|Any CPU
		{AE8AB54D-3AD2-43E2-823B-8D5D9D0B1335}.Release|x64.ActiveCfg = Release|Any CPU
		{AE8AB54D-3AD2-43E2-823B-8D5D9D0B1335}.Release|x64.Build.0 = Release|Any CPU
		{AE8AB54D-3AD2-43E2-823B-8D5D9D0B1335}.Release|x86.ActiveCfg = Release|Any CPU
		{AE8AB54D-3AD2-43E2-823B-8D5D9D0B1335}.Release|x86.Build.0 = Release|Any CPU
		{9A572A80-C65D-4735-ADBF-07F59FB78FD7}.Debug|Any CPU.ActiveCfg = Debug|Any CPU
		{9A572A80-C65D-4735-ADBF-07F59FB78FD7}.Debug|Any CPU.Build.0 = Debug|Any CPU
		{9A572A80-C65D-4735-ADBF-07F59FB78FD7}.Debug|x64.ActiveCfg = Debug|Any CPU
		{9A572A80-C65D-4735-ADBF-07F59FB78FD7}.Debug|x64.Build.0 = Debug|Any CPU
		{9A572A80-C65D-4735-ADBF-07F59FB78FD7}.Debug|x86.ActiveCfg = Debug|Any CPU
		{9A572A80-C65D-4735-ADBF-07F59FB78FD7}.Debug|x86.Build.0 = Debug|Any CPU
		{9A572A80-C65D-4735-ADBF-07F59FB78FD7}.Release|Any CPU.ActiveCfg = Release|Any CPU
		{9A572A80-C65D-4735-ADBF-07F59FB78FD7}.Release|Any CPU.Build.0 = Release|Any CPU
		{9A572A80-C65D-4735-ADBF-07F59FB78FD7}.Release|x64.ActiveCfg = Release|Any CPU
		{9A572A80-C65D-4735-ADBF-07F59FB78FD7}.Release|x64.Build.0 = Release|Any CPU
		{9A572A80-C65D-4735-ADBF-07F59FB78FD7}.Release|x86.ActiveCfg = Release|Any CPU
		{9A572A80-C65D-4735-ADBF-07F59FB78FD7}.Release|x86.Build.0 = Release|Any CPU
		{72B40AEC-4ED9-4B5F-94BD-BBCB13DF0526}.Debug|Any CPU.ActiveCfg = Debug|Any CPU
		{72B40AEC-4ED9-4B5F-94BD-BBCB13DF0526}.Debug|Any CPU.Build.0 = Debug|Any CPU
		{72B40AEC-4ED9-4B5F-94BD-BBCB13DF0526}.Debug|x64.ActiveCfg = Debug|Any CPU
		{72B40AEC-4ED9-4B5F-94BD-BBCB13DF0526}.Debug|x64.Build.0 = Debug|Any CPU
		{72B40AEC-4ED9-4B5F-94BD-BBCB13DF0526}.Debug|x86.ActiveCfg = Debug|Any CPU
		{72B40AEC-4ED9-4B5F-94BD-BBCB13DF0526}.Debug|x86.Build.0 = Debug|Any CPU
		{72B40AEC-4ED9-4B5F-94BD-BBCB13DF0526}.Release|Any CPU.ActiveCfg = Release|Any CPU
		{72B40AEC-4ED9-4B5F-94BD-BBCB13DF0526}.Release|Any CPU.Build.0 = Release|Any CPU
		{72B40AEC-4ED9-4B5F-94BD-BBCB13DF0526}.Release|x64.ActiveCfg = Release|Any CPU
		{72B40AEC-4ED9-4B5F-94BD-BBCB13DF0526}.Release|x64.Build.0 = Release|Any CPU
		{72B40AEC-4ED9-4B5F-94BD-BBCB13DF0526}.Release|x86.ActiveCfg = Release|Any CPU
		{72B40AEC-4ED9-4B5F-94BD-BBCB13DF0526}.Release|x86.Build.0 = Release|Any CPU
		{46E17F35-4F56-4C8F-8C55-CF9E32A40D60}.Debug|Any CPU.ActiveCfg = Debug|Any CPU
		{46E17F35-4F56-4C8F-8C55-CF9E32A40D60}.Debug|Any CPU.Build.0 = Debug|Any CPU
		{46E17F35-4F56-4C8F-8C55-CF9E32A40D60}.Debug|x64.ActiveCfg = Debug|Any CPU
		{46E17F35-4F56-4C8F-8C55-CF9E32A40D60}.Debug|x64.Build.0 = Debug|Any CPU
		{46E17F35-4F56-4C8F-8C55-CF9E32A40D60}.Debug|x86.ActiveCfg = Debug|Any CPU
		{46E17F35-4F56-4C8F-8C55-CF9E32A40D60}.Debug|x86.Build.0 = Debug|Any CPU
		{46E17F35-4F56-4C8F-8C55-CF9E32A40D60}.Release|Any CPU.ActiveCfg = Release|Any CPU
		{46E17F35-4F56-4C8F-8C55-CF9E32A40D60}.Release|Any CPU.Build.0 = Release|Any CPU
		{46E17F35-4F56-4C8F-8C55-CF9E32A40D60}.Release|x64.ActiveCfg = Release|Any CPU
		{46E17F35-4F56-4C8F-8C55-CF9E32A40D60}.Release|x64.Build.0 = Release|Any CPU
		{46E17F35-4F56-4C8F-8C55-CF9E32A40D60}.Release|x86.ActiveCfg = Release|Any CPU
		{46E17F35-4F56-4C8F-8C55-CF9E32A40D60}.Release|x86.Build.0 = Release|Any CPU
		{A5D4BD83-184B-4F39-9440-52695A40325A}.Debug|Any CPU.ActiveCfg = Debug|Any CPU
		{A5D4BD83-184B-4F39-9440-52695A40325A}.Debug|Any CPU.Build.0 = Debug|Any CPU
		{A5D4BD83-184B-4F39-9440-52695A40325A}.Debug|x64.ActiveCfg = Debug|Any CPU
		{A5D4BD83-184B-4F39-9440-52695A40325A}.Debug|x64.Build.0 = Debug|Any CPU
		{A5D4BD83-184B-4F39-9440-52695A40325A}.Debug|x86.ActiveCfg = Debug|Any CPU
		{A5D4BD83-184B-4F39-9440-52695A40325A}.Debug|x86.Build.0 = Debug|Any CPU
		{A5D4BD83-184B-4F39-9440-52695A40325A}.Release|Any CPU.ActiveCfg = Release|Any CPU
		{A5D4BD83-184B-4F39-9440-52695A40325A}.Release|Any CPU.Build.0 = Release|Any CPU
		{A5D4BD83-184B-4F39-9440-52695A40325A}.Release|x64.ActiveCfg = Release|Any CPU
		{A5D4BD83-184B-4F39-9440-52695A40325A}.Release|x64.Build.0 = Release|Any CPU
		{A5D4BD83-184B-4F39-9440-52695A40325A}.Release|x86.ActiveCfg = Release|Any CPU
		{A5D4BD83-184B-4F39-9440-52695A40325A}.Release|x86.Build.0 = Release|Any CPU
	EndGlobalSection
	GlobalSection(NestedProjects) = preSolution
		{91DADF9C-0539-41A2-97EE-50F15D859878} = {C74A2A45-4A36-4A8C-A286-5AB691A23869}
		{AE8AB54D-3AD2-43E2-823B-8D5D9D0B1335} = {C74A2A45-4A36-4A8C-A286-5AB691A23869}
		{9A572A80-C65D-4735-ADBF-07F59FB78FD7} = {C74A2A45-4A36-4A8C-A286-5AB691A23869}
		{72B40AEC-4ED9-4B5F-94BD-BBCB13DF0526} = {C74A2A45-4A36-4A8C-A286-5AB691A23869}
		{46E17F35-4F56-4C8F-8C55-CF9E32A40D60} = {C74A2A45-4A36-4A8C-A286-5AB691A23869}
		{A5D4BD83-184B-4F39-9440-52695A40325A} = {47EEFC05-03FD-49DC-A6B3-35F8768D97D0}
	EndGlobalSection
EndGlobal
