
Microsoft Visual Studio Solution File, Format Version 12.00
# Visual Studio 2017
Project("{FAE04EC0-301F-11D3-BF4B-00C04F79EFBC}") = "EFDemo1", "EFDemo1.csproj", "{A8109866-0DC0-480A-AD21-477D8595D45D}"
EndProject
Global
	GlobalSection(SolutionConfigurationPlatforms) = preSolution
		Debug|Any CPU = Debug|Any CPU
		Release|Any CPU = Release|Any CPU
	EndGlobalSection
	GlobalSection(ProjectConfigurationPlatforms) = postSolution
		{A8109866-0DC0-480A-AD21-477D8595D45D}.Debug|Any CPU.ActiveCfg = Debug|Any CPU
		{A8109866-0DC0-480A-AD21-477D8595D45D}.Debug|Any CPU.Build.0 = Debug|Any CPU
		{A8109866-0DC0-480A-AD21-477D8595D45D}.Release|Any CPU.ActiveCfg = Release|Any CPU
		{A8109866-0DC0-480A-AD21-477D8595D45D}.Release|Any CPU.Build.0 = Release|Any CPU
	EndGlobalSection
EndGlobal
